
Microsoft Visual Studio Solution File, Format Version 12.00
# Visual Studio Version 17
VisualStudioVersion = 17.14.36301.6
MinimumVisualStudioVersion = 10.0.40219.1
Project("{FAE04EC0-301F-11D3-BF4B-00C04F79EFBC}") = "LearnBlazor", "LearnBlazor.csproj", "{BD63CF3A-2FF5-4ECA-866C-7697DF141348}"
EndProject
Global
	GlobalSection(SolutionConfigurationPlatforms) = preSolution
		Debug|Any CPU = Debug|Any CPU
		Release|Any CPU = Release|Any CPU
	EndGlobalSection
	GlobalSection(ProjectConfigurationPlatforms) = postSolution
		{BD63CF3A-2FF5-4ECA-866C-7697DF141348}.Debug|Any CPU.ActiveCfg = Debug|Any CPU
		{BD63CF3A-2FF5-4ECA-866C-7697DF141348}.Debug|Any CPU.Build.0 = Debug|Any CPU
		{BD63CF3A-2FF5-4ECA-866C-7697DF141348}.Release|Any CPU.ActiveCfg = Release|Any CPU
		{BD63CF3A-2FF5-4ECA-866C-7697DF141348}.Release|Any CPU.Build.0 = Release|Any CPU
	EndGlobalSection
	GlobalSection(SolutionProperties) = preSolution
		HideSolutionNode = FALSE
	EndGlobalSection
	GlobalSection(ExtensibilityGlobals) = postSolution
		SolutionGuid = {FB0335F5-A055-4F89-965D-2B99D7B0636C}
	EndGlobalSection
EndGlobal
